
Microsoft Visual Studio Solution File, Format Version 12.00
# Visual Studio Version 17
VisualStudioVersion = 17.2.32616.157
MinimumVisualStudioVersion = 10.0.40219.1
Project("{9A19103F-16F7-4668-BE54-9A1E7A4F7556}") = "Bowling", "Bowling\Bowling.csproj", "{FFA10F70-90C0-4DD7-A889-44ABF31CAAC1}"
EndProject
Project("{2150E333-8FDC-42A3-9474-1A3956D46DE8}") = "Solution Items", "Solution Items", "{A1F69812-14DF-44F4-9541-C94373696463}"
	ProjectSection(SolutionItems) = preProject
		.editorconfig = .editorconfig
	EndProjectSection
EndProject
Global
	GlobalSection(SolutionConfigurationPlatforms) = preSolution
		Debug|Any CPU = Debug|Any CPU
		Release|Any CPU = Release|Any CPU
	EndGlobalSection
	GlobalSection(ProjectConfigurationPlatforms) = postSolution
		{FFA10F70-90C0-4DD7-A889-44ABF31CAAC1}.Debug|Any CPU.ActiveCfg = Debug|Any CPU
		{FFA10F70-90C0-4DD7-A889-44ABF31CAAC1}.Debug|Any CPU.Build.0 = Debug|Any CPU
		{FFA10F70-90C0-4DD7-A889-44ABF31CAAC1}.Release|Any CPU.ActiveCfg = Release|Any CPU
		{FFA10F70-90C0-4DD7-A889-44ABF31CAAC1}.Release|Any CPU.Build.0 = Release|Any CPU
	EndGlobalSection
	GlobalSection(SolutionProperties) = preSolution
		HideSolutionNode = FALSE
	EndGlobalSection
	GlobalSection(ExtensibilityGlobals) = postSolution
		SolutionGuid = {3F28E78A-B87D-4822-A56C-A40F2EF47FF0}
	EndGlobalSection
EndGlobal
